# This file is generated by `embr install`; do not edit it manually.
version = 2

[[package]]
name = "mayari/adpt"
version = "0.1.6"
environment = "luau"
link = "adpt"
index = "https://github.com/ember-luau/index"
type = "tar-gz"
url = "https://cdn.luaupm.com/mayari/adpt/0.1.6.tar.gz"

[[package]]
name = "mayari/common"
version = "0.1.11"
environment = "luau"
index = "https://github.com/ember-luau/index"
type = "tar-gz"
url = "https://cdn.luaupm.com/mayari/common/0.1.11.tar.gz"

[[package]]
name = "mayari/core"
version = "0.7.8"
environment = "luau"
index = "https://github.com/ember-luau/index"
type = "tar-gz"
url = "https://cdn.luaupm.com/mayari/core/0.7.8.tar.gz"

[[package]]
name = "mayari/eval"
version = "0.1.0"
environment = "luau"
link = "eval"
index = "https://github.com/ember-luau/index"
type = "tar-gz"
url = "https://cdn.luaupm.com/mayari/eval/0.1.0.tar.gz"

[[package]]
name = "mayari/types"
version = "0.1.1"
environment = "luau"
index = "https://github.com/ember-luau/index"
type = "tar-gz"
url = "https://cdn.luaupm.com/mayari/types/0.1.1.tar.gz"
